
Microsoft Visual Studio Solution File, Format Version 12.00
# Visual Studio Version 16
VisualStudioVersion = 16.0.30907.101
MinimumVisualStudioVersion = 10.0.40219.1
Project("{FAE04EC0-301F-11D3-BF4B-00C04F79EFBC}") = "MyDictionary", "MyList\MyDictionary.csproj", "{F375F1A7-DC42-45EB-8244-C834AF0EDDFF}"
EndProject
Global
	GlobalSection(SolutionConfigurationPlatforms) = preSolution
		Debug|Any CPU = Debug|Any CPU
		Release|Any CPU = Release|Any CPU
	EndGlobalSection
	GlobalSection(ProjectConfigurationPlatforms) = postSolution
		{F375F1A7-DC42-45EB-8244-C834AF0EDDFF}.Debug|Any CPU.ActiveCfg = Debug|Any CPU
		{F375F1A7-DC42-45EB-8244-C834AF0EDDFF}.Debug|Any CPU.Build.0 = Debug|Any CPU
		{F375F1A7-DC42-45EB-8244-C834AF0EDDFF}.Release|Any CPU.ActiveCfg = Release|Any CPU
		{F375F1A7-DC42-45EB-8244-C834AF0EDDFF}.Release|Any CPU.Build.0 = Release|Any CPU
	EndGlobalSection
	GlobalSection(SolutionProperties) = preSolution
		HideSolutionNode = FALSE
	EndGlobalSection
	GlobalSection(ExtensibilityGlobals) = postSolution
		SolutionGuid = {B5096842-EAAA-47C0-844F-4481B23BCA07}
	EndGlobalSection
EndGlobal
